Microsoft Visual Studio Solution File, Format Version 11.00
# Visual Studio 2008

Project("{0BF5E0F3-9E69-939D-59D9-6E55BF1453E8}") = "NewProject10", "Assembly-CSharp-firstpass.csproj", "{4B55D33E-1800-6A7B-A11E-2D9DC51C710F}"
EndProject
Project("{0BF5E0F3-9E69-939D-59D9-6E55BF1453E8}") = "NewProject10", "Assembly-CSharp.csproj", "{3C3D5062-D2FC-FC1D-BFC3-A92C2EBF662A}"
EndProject
Project("{0BF5E0F3-9E69-939D-59D9-6E55BF1453E8}") = "NewProject10", "Assembly-UnityScript-firstpass.unityproj", "{76B34F41-7E50-0D29-0070-7002108104F2}"
EndProject
Project("{0BF5E0F3-9E69-939D-59D9-6E55BF1453E8}") = "NewProject10", "Assembly-UnityScript.unityproj", "{5D313C55-7140-4151-1FC9-F731AD1AA083}"
EndProject
Global
	GlobalSection(SolutionConfigurationPlatforms) = preSolution
		Debug|Any CPU = Debug|Any CPU
		Release|Any CPU = Release|Any CPU
	EndGlobalSection
	GlobalSection(ProjectConfigurationPlatforms) = postSolution
		{4B55D33E-1800-6A7B-A11E-2D9DC51C710F}.Debug|Any CPU.ActiveCfg = Debug|Any CPU
		{4B55D33E-1800-6A7B-A11E-2D9DC51C710F}.Debug|Any CPU.Build.0 = Debug|Any CPU
		{4B55D33E-1800-6A7B-A11E-2D9DC51C710F}.Release|Any CPU.ActiveCfg = Release|Any CPU
		{4B55D33E-1800-6A7B-A11E-2D9DC51C710F}.Release|Any CPU.Build.0 = Release|Any CPU
		{3C3D5062-D2FC-FC1D-BFC3-A92C2EBF662A}.Debug|Any CPU.ActiveCfg = Debug|Any CPU
		{3C3D5062-D2FC-FC1D-BFC3-A92C2EBF662A}.Debug|Any CPU.Build.0 = Debug|Any CPU
		{3C3D5062-D2FC-FC1D-BFC3-A92C2EBF662A}.Release|Any CPU.ActiveCfg = Release|Any CPU
		{3C3D5062-D2FC-FC1D-BFC3-A92C2EBF662A}.Release|Any CPU.Build.0 = Release|Any CPU
		{76B34F41-7E50-0D29-0070-7002108104F2}.Debug|Any CPU.ActiveCfg = Debug|Any CPU
		{76B34F41-7E50-0D29-0070-7002108104F2}.Debug|Any CPU.Build.0 = Debug|Any CPU
		{76B34F41-7E50-0D29-0070-7002108104F2}.Release|Any CPU.ActiveCfg = Release|Any CPU
		{76B34F41-7E50-0D29-0070-7002108104F2}.Release|Any CPU.Build.0 = Release|Any CPU
		{5D313C55-7140-4151-1FC9-F731AD1AA083}.Debug|Any CPU.ActiveCfg = Debug|Any CPU
		{5D313C55-7140-4151-1FC9-F731AD1AA083}.Debug|Any CPU.Build.0 = Debug|Any CPU
		{5D313C55-7140-4151-1FC9-F731AD1AA083}.Release|Any CPU.ActiveCfg = Release|Any CPU
		{5D313C55-7140-4151-1FC9-F731AD1AA083}.Release|Any CPU.Build.0 = Release|Any CPU
	EndGlobalSection
	GlobalSection(SolutionProperties) = preSolution
		HideSolutionNode = FALSE
	EndGlobalSection
							GlobalSection(MonoDevelopProperties) = preSolution
		StartupItem = Assembly-CSharp.csproj
		Policies = $0
		$0.TextStylePolicy = $1
		$1.inheritsSet = null
		$1.scope = text/x-csharp
		$0.CSharpFormattingPolicy = $2
		$2.inheritsSet = Mono
		$2.inheritsScope = text/x-csharp
		$2.scope = text/x-csharp
		$0.TextStylePolicy = $3
		$3.FileWidth = 120
		$3.TabWidth = 4
		$3.EolMarker = Unix
		$3.inheritsSet = Mono
		$3.inheritsScope = text/plain
		$3.scope = text/plain
	EndGlobalSection

EndGlobal
